<?xml version="1.0" encoding="utf-8"?>
<Project ToolsVersion="4.0" xmlns="http://schemas.microsoft.com/developer/msbuild/2003">
  <ItemGroup>
    <Filter Include="Source Files">
      <UniqueIdentifier>{4FC737F1-C7A5-4376-A066-2A32D752A2FF}</UniqueIdentifier>
      <Extensions>cpp;c;cc;cxx;def;odl;idl;hpj;bat;asm;asmx</Extensions>
    </Filter>
    <Filter Include="Header Files">
      <UniqueIdentifier>{93995380-89BD-4b04-88EB-625FBE52EBFB}</UniqueIdentifier>
      <Extensions>h;hh;hpp;hxx;hm;inl;inc;xsd</Extensions>
    </Filter>
    <Filter Include="Resource Files">
      <UniqueIdentifier>{67DA6AB6-F800-4c08-8B7A-83BB121AAD01}</UniqueIdentifier>
      <Extensions>rc;ico;cur;bmp;dlg;rc2;rct;bin;rgs;gif;jpg;jpeg;jpe;resx;tiff;tif;png;wav;mfcribbon-ms</Extensions>
    </Filter>
  </ItemGroup>
  <ItemGroup>
    <None Include="src.ino" />
  </ItemGroup>
  <ItemGroup>
    <ClCompile Include="GCodeProcessor.cpp">
      <Filter>Source Files</Filter>
    </ClCompile>
    <ClCompile Include="Command.cpp">
      <Filter>Source Files</Filter>
    </ClCompile>
    <ClCompile Include="CurrentState.cpp">
      <Filter>Source Files</Filter>
    </ClCompile>
    <ClCompile Include="F11Handler.cpp">
      <Filter>Source Files</Filter>
    </ClCompile>
    <ClCompile Include="F12Handler.cpp">
      <Filter>Source Files</Filter>
    </ClCompile>
    <ClCompile Include="F13Handler.cpp">
      <Filter>Source Files</Filter>
    </ClCompile>
    <ClCompile Include="F14Handler.cpp">
      <Filter>Source Files</Filter>
    </ClCompile>
    <ClCompile Include="F15Handler.cpp">
      <Filter>Source Files</Filter>
    </ClCompile>
    <ClCompile Include="F16Handler.cpp">
      <Filter>Source Files</Filter>
    </ClCompile>
    <ClCompile Include="F20Handler.cpp">
      <Filter>Source Files</Filter>
    </ClCompile>
    <ClCompile Include="F21Handler.cpp">
      <Filter>Source Files</Filter>
    </ClCompile>
    <ClCompile Include="F22Handler.cpp">
      <Filter>Source Files</Filter>
    </ClCompile>
    <ClCompile Include="F31Handler.cpp">
      <Filter>Source Files</Filter>
    </ClCompile>
    <ClCompile Include="F32Handler.cpp">
      <Filter>Source Files</Filter>
    </ClCompile>
    <ClCompile Include="F41Handler.cpp">
      <Filter>Source Files</Filter>
    </ClCompile>
    <ClCompile Include="F42Handler.cpp">
      <Filter>Source Files</Filter>
    </ClCompile>
    <ClCompile Include="F43Handler.cpp">
      <Filter>Source Files</Filter>
    </ClCompile>
    <ClCompile Include="F44Handler.cpp">
      <Filter>Source Files</Filter>
    </ClCompile>
    <ClCompile Include="F61Handler.cpp">
      <Filter>Source Files</Filter>
    </ClCompile>
    <ClCompile Include="F81Handler.cpp">
      <Filter>Source Files</Filter>
    </ClCompile>
    <ClCompile Include="F82Handler.cpp">
      <Filter>Source Files</Filter>
    </ClCompile>
    <ClCompile Include="F83Handler.cpp">
      <Filter>Source Files</Filter>
    </ClCompile>
    <ClCompile Include="F84Handler.cpp">
      <Filter>Source Files</Filter>
    </ClCompile>
    <ClCompile Include="farmbot_arduino_controller.cpp">
      <Filter>Source Files</Filter>
    </ClCompile>
    <ClCompile Include="G00Handler.cpp">
      <Filter>Source Files</Filter>
    </ClCompile>
    <ClCompile Include="G28Handler.cpp">
      <Filter>Source Files</Filter>
    </ClCompile>
    <ClCompile Include="GCodeHandler.cpp">
      <Filter>Source Files</Filter>
    </ClCompile>
    <ClCompile Include="PinGuardPin.cpp">
      <Filter>Source Files</Filter>
    </ClCompile>
    <ClCompile Include="MemoryFree.cpp">
      <Filter>Source Files</Filter>
    </ClCompile>
    <ClCompile Include="ParameterList.cpp">
      <Filter>Source Files</Filter>
    </ClCompile>
    <ClCompile Include="PinControl.cpp">
      <Filter>Source Files</Filter>
    </ClCompile>
    <ClCompile Include="PinGuard.cpp">
      <Filter>Source Files</Filter>
    </ClCompile>
    <ClCompile Include="ServoControl.cpp">
      <Filter>Source Files</Filter>
    </ClCompile>
    <ClCompile Include="StepperControlAxis.cpp">
      <Filter>Source Files</Filter>
    </ClCompile>
    <ClCompile Include="StepperControlEncoder.cpp">
      <Filter>Source Files</Filter>
    </ClCompile>
    <ClCompile Include="TimerOne.cpp">
      <Filter>Source Files</Filter>
    </ClCompile>
    <ClCompile Include="StatusList.cpp">
      <Filter>Source Files</Filter>
    </ClCompile>
    <ClCompile Include="StepperControl.cpp">
      <Filter>Source Files</Filter>
    </ClCompile>
    <ClCompile Include="F09Handler.cpp">
      <Filter>Source Files</Filter>
    </ClCompile>
  </ItemGroup>
  <ItemGroup>
    <ClInclude Include="GCodeProcessor.h">
      <Filter>Header Files</Filter>
    </ClInclude>
    <ClInclude Include="known_16bit_timers.h">
      <Filter>Header Files</Filter>
    </ClInclude>
    <ClInclude Include="Command.h">
      <Filter>Header Files</Filter>
    </ClInclude>
    <ClInclude Include="Config.h">
      <Filter>Header Files</Filter>
    </ClInclude>
    <ClInclude Include="CurrentState.h">
      <Filter>Header Files</Filter>
    </ClInclude>
    <ClInclude Include="F11Handler.h">
      <Filter>Header Files</Filter>
    </ClInclude>
    <ClInclude Include="F12Handler.h">
      <Filter>Header Files</Filter>
    </ClInclude>
    <ClInclude Include="F13Handler.h">
      <Filter>Header Files</Filter>
    </ClInclude>
    <ClInclude Include="F14Handler.h">
      <Filter>Header Files</Filter>
    </ClInclude>
    <ClInclude Include="F15Handler.h">
      <Filter>Header Files</Filter>
    </ClInclude>
    <ClInclude Include="F16Handler.h">
      <Filter>Header Files</Filter>
    </ClInclude>
    <ClInclude Include="F20Handler.h">
      <Filter>Header Files</Filter>
    </ClInclude>
    <ClInclude Include="F21Handler.h">
      <Filter>Header Files</Filter>
    </ClInclude>
    <ClInclude Include="F22Handler.h">
      <Filter>Header Files</Filter>
    </ClInclude>
    <ClInclude Include="F31Handler.h">
      <Filter>Header Files</Filter>
    </ClInclude>
    <ClInclude Include="F32Handler.h">
      <Filter>Header Files</Filter>
    </ClInclude>
    <ClInclude Include="F41Handler.h">
      <Filter>Header Files</Filter>
    </ClInclude>
    <ClInclude Include="F42Handler.h">
      <Filter>Header Files</Filter>
    </ClInclude>
    <ClInclude Include="F43Handler.h">
      <Filter>Header Files</Filter>
    </ClInclude>
    <ClInclude Include="F44Handler.h">
      <Filter>Header Files</Filter>
    </ClInclude>
    <ClInclude Include="F61Handler.h">
      <Filter>Header Files</Filter>
    </ClInclude>
    <ClInclude Include="F81Handler.h">
      <Filter>Header Files</Filter>
    </ClInclude>
    <ClInclude Include="F82Handler.h">
      <Filter>Header Files</Filter>
    </ClInclude>
    <ClInclude Include="F83Handler.h">
      <Filter>Header Files</Filter>
    </ClInclude>
    <ClInclude Include="F84Handler.h">
      <Filter>Header Files</Filter>
    </ClInclude>
    <ClInclude Include="farmbot_arduino_controller.h">
      <Filter>Header Files</Filter>
    </ClInclude>
    <ClInclude Include="G00Handler.h">
      <Filter>Header Files</Filter>
    </ClInclude>
    <ClInclude Include="G28Handler.h">
      <Filter>Header Files</Filter>
    </ClInclude>
    <ClInclude Include="GCodeHandler.h">
      <Filter>Header Files</Filter>
    </ClInclude>
    <ClInclude Include="PinGuardPin.h">
      <Filter>Header Files</Filter>
    </ClInclude>
    <ClInclude Include="pins.h">
      <Filter>Header Files</Filter>
    </ClInclude>
    <ClInclude Include="MemoryFree.h">
      <Filter>Header Files</Filter>
    </ClInclude>
    <ClInclude Include="ParameterList.h">
      <Filter>Header Files</Filter>
    </ClInclude>
    <ClInclude Include="PinControl.h">
      <Filter>Header Files</Filter>
    </ClInclude>
    <ClInclude Include="PinGuard.h">
      <Filter>Header Files</Filter>
    </ClInclude>
    <ClInclude Include="ServoControl.h">
      <Filter>Header Files</Filter>
    </ClInclude>
    <ClInclude Include="StepperControlAxis.h">
      <Filter>Header Files</Filter>
    </ClInclude>
    <ClInclude Include="StepperControlEncoder.h">
      <Filter>Header Files</Filter>
    </ClInclude>
    <ClInclude Include="TimerOne.h">
      <Filter>Header Files</Filter>
    </ClInclude>
    <ClInclude Include="StatusList.h">
      <Filter>Header Files</Filter>
    </ClInclude>
    <ClInclude Include="StepperControl.h">
      <Filter>Header Files</Filter>
    </ClInclude>
    <ClInclude Include="__vm\.src.vsarduino.h">
      <Filter>Header Files</Filter>
    </ClInclude>
    <ClInclude Include="Debug.h">
      <Filter>Source Files</Filter>
    </ClInclude>
    <ClInclude Include="F09Handler.h">
      <Filter>Header Files</Filter>
    </ClInclude>
    <ClInclude Include="Board.h">
      <Filter>Header Files</Filter>
    </ClInclude>
  </ItemGroup>
</Project>